// !$*UTF8*$!
{
	archiveVersion = 1;
	classes = {
	};
	objectVersion = 55;
	objects = {

/* Begin PBXBuildFile section */
		F40D504727987091008F627E /* Tests_iOS.swift in Sources */ = {isa = PBXBuildFile; fileRef = F40D504627987091008F627E /* Tests_iOS.swift */; };
		F40D504927987091008F627E /* Tests_iOSLaunchTests.swift in Sources */ = {isa = PBXBuildFile; fileRef = F40D504827987091008F627E /* Tests_iOSLaunchTests.swift */; };
		F40D505327987091008F627E /* Tests_macOS.swift in Sources */ = {isa = PBXBuildFile; fileRef = F40D505227987091008F627E /* Tests_macOS.swift */; };
		F40D505527987091008F627E /* Tests_macOSLaunchTests.swift in Sources */ = {isa = PBXBuildFile; fileRef = F40D505427987091008F627E /* Tests_macOSLaunchTests.swift */; };
		F40D505627987091008F627E /* AlbumShowcaseApp.swift in Sources */ = {isa = PBXBuildFile; fileRef = F40D502E27987090008F627E /* AlbumShowcaseApp.swift */; };
		F40D505727987091008F627E /* AlbumShowcaseApp.swift in Sources */ = {isa = PBXBuildFile; fileRef = F40D502E27987090008F627E /* AlbumShowcaseApp.swift */; };
		F40D505827987091008F627E /* ContentView.swift in Sources */ = {isa = PBXBuildFile; fileRef = F40D502F27987090008F627E /* ContentView.swift */; };
		F40D505927987091008F627E /* ContentView.swift in Sources */ = {isa = PBXBuildFile; fileRef = F40D502F27987090008F627E /* ContentView.swift */; };
		F40D505A27987091008F627E /* Assets.xcassets in Resources */ = {isa = PBXBuildFile; fileRef = F40D503027987091008F627E /* Assets.xcassets */; };
		F40D505B27987091008F627E /* Assets.xcassets in Resources */ = {isa = PBXBuildFile; fileRef = F40D503027987091008F627E /* Assets.xcassets */; };
		F40D506E279870BA008F627E /* album.swift in Sources */ = {isa = PBXBuildFile; fileRef = F40D506D279870BA008F627E /* album.swift */; };
		F40D5070279872F2008F627E /* CardView.swift in Sources */ = {isa = PBXBuildFile; fileRef = F40D506F279872F2008F627E /* CardView.swift */; };
		F40D507F279895C3008F627E /* NetworkManager.swift in Sources */ = {isa = PBXBuildFile; fileRef = F40D507E279895C3008F627E /* NetworkManager.swift */; };
		F40D508127989647008F627E /* APIError.swift in Sources */ = {isa = PBXBuildFile; fileRef = F40D508027989647008F627E /* APIError.swift */; };
		F40D508327989778008F627E /* AlbumListViewModel.swift in Sources */ = {isa = PBXBuildFile; fileRef = F40D508227989778008F627E /* AlbumListViewModel.swift */; };
		F40D50852798A666008F627E /* AlbumListView.swift in Sources */ = {isa = PBXBuildFile; fileRef = F40D50842798A666008F627E /* AlbumListView.swift */; };
/* End PBXBuildFile section */

/* Begin PBXContainerItemProxy section */
		F40D504327987091008F627E /* PBXContainerItemProxy */ = {
			isa = PBXContainerItemProxy;
			containerPortal = F40D502927987090008F627E /* Project object */;
			proxyType = 1;
			remoteGlobalIDString = F40D503427987091008F627E;
			remoteInfo = "AlbumShowcase (iOS)";
		};
		F40D504F27987091008F627E /* PBXContainerItemProxy */ = {
			isa = PBXContainerItemProxy;
			containerPortal = F40D502927987090008F627E /* Project object */;
			proxyType = 1;
			remoteGlobalIDString = F40D503A27987091008F627E;
			remoteInfo = "AlbumShowcase (macOS)";
		};
/* End PBXContainerItemProxy section */

/* Begin PBXFileReference section */
		F40D502E27987090008F627E /* AlbumShowcaseApp.swift */ = {isa = PBXFileReference; lastKnownFileType = sourcecode.swift; path = AlbumShowcaseApp.swift; sourceTree = "<group>"; };
		F40D502F27987090008F627E /* ContentView.swift */ = {isa = PBXFileReference; lastKnownFileType = sourcecode.swift; path = ContentView.swift; sourceTree = "<group>"; };
		F40D503027987091008F627E /* Assets.xcassets */ = {isa = PBXFileReference; lastKnownFileType = folder.assetcatalog; path = Assets.xcassets; sourceTree = "<group>"; };
		F40D503527987091008F627E /* AlbumShowcase.app */ = {isa = PBXFileReference; explicitFileType = wrapper.application; includeInIndex = 0; path = AlbumShowcase.app; sourceTree = BUILT_PRODUCTS_DIR; };
		F40D503B27987091008F627E /* AlbumShowcase.app */ = {isa = PBXFileReference; explicitFileType = wrapper.application; includeInIndex = 0; path = AlbumShowcase.app; sourceTree = BUILT_PRODUCTS_DIR; };
		F40D503D27987091008F627E /* macOS.entitlements */ = {isa = PBXFileReference; lastKnownFileType = text.plist.entitlements; path = macOS.entitlements; sourceTree = "<group>"; };
		F40D504227987091008F627E /* Tests iOS.xctest */ = {isa = PBXFileReference; explicitFileType = wrapper.cfbundle; includeInIndex = 0; path = "Tests iOS.xctest"; sourceTree = BUILT_PRODUCTS_DIR; };
		F40D504627987091008F627E /* Tests_iOS.swift */ = {isa = PBXFileReference; lastKnownFileType = sourcecode.swift; path = Tests_iOS.swift; sourceTree = "<group>"; };
		F40D504827987091008F627E /* Tests_iOSLaunchTests.swift */ = {isa = PBXFileReference; lastKnownFileType = sourcecode.swift; path = Tests_iOSLaunchTests.swift; sourceTree = "<group>"; };
		F40D504E27987091008F627E /* Tests macOS.xctest */ = {isa = PBXFileReference; explicitFileType = wrapper.cfbundle; includeInIndex = 0; path = "Tests macOS.xctest"; sourceTree = BUILT_PRODUCTS_DIR; };
		F40D505227987091008F627E /* Tests_macOS.swift */ = {isa = PBXFileReference; lastKnownFileType = sourcecode.swift; path = Tests_macOS.swift; sourceTree = "<group>"; };
		F40D505427987091008F627E /* Tests_macOSLaunchTests.swift */ = {isa = PBXFileReference; lastKnownFileType = sourcecode.swift; path = Tests_macOSLaunchTests.swift; sourceTree = "<group>"; };
		F40D506D279870BA008F627E /* album.swift */ = {isa = PBXFileReference; lastKnownFileType = sourcecode.swift; path = album.swift; sourceTree = "<group>"; };
		F40D506F279872F2008F627E /* CardView.swift */ = {isa = PBXFileReference; lastKnownFileType = sourcecode.swift; path = CardView.swift; sourceTree = "<group>"; };
		F40D507E279895C3008F627E /* NetworkManager.swift */ = {isa = PBXFileReference; lastKnownFileType = sourcecode.swift; path = NetworkManager.swift; sourceTree = "<group>"; };
		F40D508027989647008F627E /* APIError.swift */ = {isa = PBXFileReference; lastKnownFileType = sourcecode.swift; path = APIError.swift; sourceTree = "<group>"; };
		F40D508227989778008F627E /* AlbumListViewModel.swift */ = {isa = PBXFileReference; lastKnownFileType = sourcecode.swift; path = AlbumListViewModel.swift; sourceTree = "<group>"; };
		F40D50842798A666008F627E /* AlbumListView.swift */ = {isa = PBXFileReference; lastKnownFileType = sourcecode.swift; path = AlbumListView.swift; sourceTree = "<group>"; };
/* End PBXFileReference section */

/* Begin PBXFrameworksBuildPhase section */
		F40D503227987091008F627E /* Frameworks */ = {
			isa = PBXFrameworksBuildPhase;
			buildActionMask = 2147483647;
			files = (
			);
			runOnlyForDeploymentPostprocessing = 0;
		};
		F40D503827987091008F627E /* Frameworks */ = {
			isa = PBXFrameworksBuildPhase;
			buildActionMask = 2147483647;
			files = (
			);
			runOnlyForDeploymentPostprocessing = 0;
		};
		F40D503F27987091008F627E /* Frameworks */ = {
			isa = PBXFrameworksBuildPhase;
			buildActionMask = 2147483647;
			files = (
			);
			runOnlyForDeploymentPostprocessing = 0;
		};
		F40D504B27987091008F627E /* Frameworks */ = {
			isa = PBXFrameworksBuildPhase;
			buildActionMask = 2147483647;
			files = (
			);
			runOnlyForDeploymentPostprocessing = 0;
		};
/* End PBXFrameworksBuildPhase section */

/* Begin PBXGroup section */
		F40D502827987090008F627E = {
			isa = PBXGroup;
			children = (
				F40D502D27987090008F627E /* Shared */,
				F40D503C27987091008F627E /* macOS */,
				F40D504527987091008F627E /* Tests iOS */,
				F40D505127987091008F627E /* Tests macOS */,
				F40D503627987091008F627E /* Products */,
			);
			sourceTree = "<group>";
		};
		F40D502D27987090008F627E /* Shared */ = {
			isa = PBXGroup;
			children = (
				F40D507D279895B6008F627E /* Utilities */,
				F40D506C2798709E008F627E /* Views */,
				F40D506B2798709B008F627E /* Models */,
				F40D506A27987098008F627E /* ViewModels */,
				F40D502E27987090008F627E /* AlbumShowcaseApp.swift */,
				F40D502F27987090008F627E /* ContentView.swift */,
				F40D503027987091008F627E /* Assets.xcassets */,
			);
			path = Shared;
			sourceTree = "<group>";
		};
		F40D503627987091008F627E /* Products */ = {
			isa = PBXGroup;
			children = (
				F40D503527987091008F627E /* AlbumShowcase.app */,
				F40D503B27987091008F627E /* AlbumShowcase.app */,
				F40D504227987091008F627E /* Tests iOS.xctest */,
				F40D504E27987091008F627E /* Tests macOS.xctest */,
			);
			name = Products;
			sourceTree = "<group>";
		};
		F40D503C27987091008F627E /* macOS */ = {
			isa = PBXGroup;
			children = (
				F40D503D27987091008F627E /* macOS.entitlements */,
			);
			path = macOS;
			sourceTree = "<group>";
		};
		F40D504527987091008F627E /* Tests iOS */ = {
			isa = PBXGroup;
			children = (
				F40D504627987091008F627E /* Tests_iOS.swift */,
				F40D504827987091008F627E /* Tests_iOSLaunchTests.swift */,
			);
			path = "Tests iOS";
			sourceTree = "<group>";
		};
		F40D505127987091008F627E /* Tests macOS */ = {
			isa = PBXGroup;
			children = (
				F40D505227987091008F627E /* Tests_macOS.swift */,
				F40D505427987091008F627E /* Tests_macOSLaunchTests.swift */,
			);
			path = "Tests macOS";
			sourceTree = "<group>";
		};
		F40D506A27987098008F627E /* ViewModels */ = {
			isa = PBXGroup;
			children = (
				F40D508227989778008F627E /* AlbumListViewModel.swift */,
			);
			path = ViewModels;
			sourceTree = "<group>";
		};
		F40D506B2798709B008F627E /* Models */ = {
			isa = PBXGroup;
			children = (
				F40D506D279870BA008F627E /* album.swift */,
			);
			path = Models;
			sourceTree = "<group>";
		};
		F40D506C2798709E008F627E /* Views */ = {
			isa = PBXGroup;
			children = (
				F40D506F279872F2008F627E /* CardView.swift */,
				F40D50842798A666008F627E /* AlbumListView.swift */,
			);
			path = Views;
			sourceTree = "<group>";
		};
		F40D507D279895B6008F627E /* Utilities */ = {
			isa = PBXGroup;
			children = (
				F40D507E279895C3008F627E /* NetworkManager.swift */,
				F40D508027989647008F627E /* APIError.swift */,
			);
			path = Utilities;
			sourceTree = "<group>";
		};
/* End PBXGroup section */

/* Begin PBXNativeTarget section */
		F40D503427987091008F627E /* AlbumShowcase (iOS) */ = {
			isa = PBXNativeTarget;
			buildConfigurationList = F40D505E27987091008F627E /* Build configuration list for PBXNativeTarget "AlbumShowcase (iOS)" */;
			buildPhases = (
				F40D503127987091008F627E /* Sources */,
				F40D503227987091008F627E /* Frameworks */,
				F40D503327987091008F627E /* Resources */,
			);
			buildRules = (
			);
			dependencies = (
			);
			name = "AlbumShowcase (iOS)";
			productName = "AlbumShowcase (iOS)";
			productReference = F40D503527987091008F627E /* AlbumShowcase.app */;
			productType = "com.apple.product-type.application";
		};
		F40D503A27987091008F627E /* AlbumShowcase (macOS) */ = {
			isa = PBXNativeTarget;
			buildConfigurationList = F40D506127987091008F627E /* Build configuration list for PBXNativeTarget "AlbumShowcase (macOS)" */;
			buildPhases = (
				F40D503727987091008F627E /* Sources */,
				F40D503827987091008F627E /* Frameworks */,
				F40D503927987091008F627E /* Resources */,
			);
			buildRules = (
			);
			dependencies = (
			);
			name = "AlbumShowcase (macOS)";
			productName = "AlbumShowcase (macOS)";
			productReference = F40D503B27987091008F627E /* AlbumShowcase.app */;
			productType = "com.apple.product-type.application";
		};
		F40D504127987091008F627E /* Tests iOS */ = {
			isa = PBXNativeTarget;
			buildConfigurationList = F40D506427987091008F627E /* Build configuration list for PBXNativeTarget "Tests iOS" */;
			buildPhases = (
				F40D503E27987091008F627E /* Sources */,
				F40D503F27987091008F627E /* Frameworks */,
				F40D504027987091008F627E /* Resources */,
			);
			buildRules = (
			);
			dependencies = (
				F40D504427987091008F627E /* PBXTargetDependency */,
			);
			name = "Tests iOS";
			productName = "Tests iOS";
			productReference = F40D504227987091008F627E /* Tests iOS.xctest */;
			productType = "com.apple.product-type.bundle.ui-testing";
		};
		F40D504D27987091008F627E /* Tests macOS */ = {
			isa = PBXNativeTarget;
			buildConfigurationList = F40D506727987091008F627E /* Build configuration list for PBXNativeTarget "Tests macOS" */;
			buildPhases = (
				F40D504A27987091008F627E /* Sources */,
				F40D504B27987091008F627E /* Frameworks */,
				F40D504C27987091008F627E /* Resources */,
			);
			buildRules = (
			);
			dependencies = (
				F40D505027987091008F627E /* PBXTargetDependency */,
			);
			name = "Tests macOS";
			productName = "Tests macOS";
			productReference = F40D504E27987091008F627E /* Tests macOS.xctest */;
			productType = "com.apple.product-type.bundle.ui-testing";
		};
/* End PBXNativeTarget section */

/* Begin PBXProject section */
		F40D502927987090008F627E /* Project object */ = {
			isa = PBXProject;
			attributes = {
				BuildIndependentTargetsInParallel = 1;
				LastSwiftUpdateCheck = 1320;
				LastUpgradeCheck = 1320;
				TargetAttributes = {
					F40D503427987091008F627E = {
						CreatedOnToolsVersion = 13.2.1;
					};
					F40D503A27987091008F627E = {
						CreatedOnToolsVersion = 13.2.1;
					};
					F40D504127987091008F627E = {
						CreatedOnToolsVersion = 13.2.1;
						TestTargetID = F40D503427987091008F627E;
					};
					F40D504D27987091008F627E = {
						CreatedOnToolsVersion = 13.2.1;
						TestTargetID = F40D503A27987091008F627E;
					};
				};
			};
			buildConfigurationList = F40D502C27987090008F627E /* Build configuration list for PBXProject "AlbumShowcase" */;
			compatibilityVersion = "Xcode 13.0";
			developmentRegion = en;
			hasScannedForEncodings = 0;
			knownRegions = (
				en,
				Base,
			);
			mainGroup = F40D502827987090008F627E;
			productRefGroup = F40D503627987091008F627E /* Products */;
			projectDirPath = "";
			projectRoot = "";
			targets = (
				F40D503427987091008F627E /* AlbumShowcase (iOS) */,
				F40D503A27987091008F627E /* AlbumShowcase (macOS) */,
				F40D504127987091008F627E /* Tests iOS */,
				F40D504D27987091008F627E /* Tests macOS */,
			);
		};
/* End PBXProject section */

/* Begin PBXResourcesBuildPhase section */
		F40D503327987091008F627E /* Resources */ = {
			isa = PBXResourcesBuildPhase;
			buildActionMask = 2147483647;
			files = (
				F40D505A27987091008F627E /* Assets.xcassets in Resources */,
			);
			runOnlyForDeploymentPostprocessing = 0;
		};
		F40D503927987091008F627E /* Resources */ = {
			isa = PBXResourcesBuildPhase;
			buildActionMask = 2147483647;
			files = (
				F40D505B27987091008F627E /* Assets.xcassets in Resources */,
			);
			runOnlyForDeploymentPostprocessing = 0;
		};
		F40D504027987091008F627E /* Resources */ = {
			isa = PBXResourcesBuildPhase;
			buildActionMask = 2147483647;
			files = (
			);
			runOnlyForDeploymentPostprocessing = 0;
		};
		F40D504C27987091008F627E /* Resources */ = {
			isa = PBXResourcesBuildPhase;
			buildActionMask = 2147483647;
			files = (
			);
			runOnlyForDeploymentPostprocessing = 0;
		};
/* End PBXResourcesBuildPhase section */

/* Begin PBXSourcesBuildPhase section */
		F40D503127987091008F627E /* Sources */ = {
			isa = PBXSourcesBuildPhase;
			buildActionMask = 2147483647;
			files = (
				F40D506E279870BA008F627E /* album.swift in Sources */,
				F40D505827987091008F627E /* ContentView.swift in Sources */,
				F40D507F279895C3008F627E /* NetworkManager.swift in Sources */,
				F40D508327989778008F627E /* AlbumListViewModel.swift in Sources */,
				F40D5070279872F2008F627E /* CardView.swift in Sources */,
				F40D505627987091008F627E /* AlbumShowcaseApp.swift in Sources */,
				F40D50852798A666008F627E /* AlbumListView.swift in Sources */,
				F40D508127989647008F627E /* APIError.swift in Sources */,
			);
			runOnlyForDeploymentPostprocessing = 0;
		};
		F40D503727987091008F627E /* Sources */ = {
			isa = PBXSourcesBuildPhase;
			buildActionMask = 2147483647;
			files = (
				F40D505927987091008F627E /* ContentView.swift in Sources */,
				F40D505727987091008F627E /* AlbumShowcaseApp.swift in Sources */,
			);
			runOnlyForDeploymentPostprocessing = 0;
		};
		F40D503E27987091008F627E /* Sources */ = {
			isa = PBXSourcesBuildPhase;
			buildActionMask = 2147483647;
			files = (
				F40D504927987091008F627E /* Tests_iOSLaunchTests.swift in Sources */,
				F40D504727987091008F627E /* Tests_iOS.swift in Sources */,
			);
			runOnlyForDeploymentPostprocessing = 0;
		};
		F40D504A27987091008F627E /* Sources */ = {
			isa = PBXSourcesBuildPhase;
			buildActionMask = 2147483647;
			files = (
				F40D505527987091008F627E /* Tests_macOSLaunchTests.swift in Sources */,
				F40D505327987091008F627E /* Tests_macOS.swift in Sources */,
			);
			runOnlyForDeploymentPostprocessing = 0;
		};
/* End PBXSourcesBuildPhase section */

/* Begin PBXTargetDependency section */
		F40D504427987091008F627E /* PBXTargetDependency */ = {
			isa = PBXTargetDependency;
			target = F40D503427987091008F627E /* AlbumShowcase (iOS) */;
			targetProxy = F40D504327987091008F627E /* PBXContainerItemProxy */;
		};
		F40D505027987091008F627E /* PBXTargetDependency */ = {
			isa = PBXTargetDependency;
			target = F40D503A27987091008F627E /* AlbumShowcase (macOS) */;
			targetProxy = F40D504F27987091008F627E /* PBXContainerItemProxy */;
		};
/* End PBXTargetDependency section */

/* Begin XCBuildConfiguration section */
		F40D505C27987091008F627E /* Debug */ = {
			isa = XCBuildConfiguration;
			buildSettings = {
				ALWAYS_SEARCH_USER_PATHS = NO;
				CLANG_ANALYZER_NONNULL = YES;
				CLANG_ANALYZER_NUMBER_OBJECT_CONVERSION = YES_AGGRESSIVE;
				CLANG_CXX_LANGUAGE_STANDARD = "gnu++17";
				CLANG_CXX_LIBRARY = "libc++";
				CLANG_ENABLE_MODULES = YES;
				CLANG_ENABLE_OBJC_ARC = YES;
				CLANG_ENABLE_OBJC_WEAK = YES;
				CLANG_WARN_BLOCK_CAPTURE_AUTORELEASING = YES;
				CLANG_WARN_BOOL_CONVERSION = YES;
				CLANG_WARN_COMMA = YES;
				CLANG_WARN_CONSTANT_CONVERSION = YES;
				CLANG_WARN_DEPRECATED_OBJC_IMPLEMENTATIONS = YES;
				CLANG_WARN_DIRECT_OBJC_ISA_USAGE = YES_ERROR;
				CLANG_WARN_DOCUMENTATION_COMMENTS = YES;
				CLANG_WARN_EMPTY_BODY = YES;
				CLANG_WARN_ENUM_CONVERSION = YES;
				CLANG_WARN_INFINITE_RECURSION = YES;
				CLANG_WARN_INT_CONVERSION = YES;
				CLANG_WARN_NON_LITERAL_NULL_CONVERSION = YES;
				CLANG_WARN_OBJC_IMPLICIT_RETAIN_SELF = YES;
				CLANG_WARN_OBJC_LITERAL_CONVERSION = YES;
				CLANG_WARN_OBJC_ROOT_CLASS = YES_ERROR;
				CLANG_WARN_QUOTED_INCLUDE_IN_FRAMEWORK_HEADER = YES;
				CLANG_WARN_RANGE_LOOP_ANALYSIS = YES;
				CLANG_WARN_STRICT_PROTOTYPES = YES;
				CLANG_WARN_SUSPICIOUS_MOVE = YES;
				CLANG_WARN_UNGUARDED_AVAILABILITY = YES_AGGRESSIVE;
				CLANG_WARN_UNREACHABLE_CODE = YES;
				CLANG_WARN__DUPLICATE_METHOD_MATCH = YES;
				COPY_PHASE_STRIP = NO;
				DEBUG_INFORMATION_FORMAT = dwarf;
				ENABLE_STRICT_OBJC_MSGSEND = YES;
				ENABLE_TESTABILITY = YES;
				GCC_C_LANGUAGE_STANDARD = gnu11;
				GCC_DYNAMIC_NO_PIC = NO;
				GCC_NO_COMMON_BLOCKS = YES;
				GCC_OPTIMIZATION_LEVEL = 0;
				GCC_PREPROCESSOR_DEFINITIONS = (
					"DEBUG=1",
					"$(inherited)",
				);
				GCC_WARN_64_TO_32_BIT_CONVERSION = YES;
				GCC_WARN_ABOUT_RETURN_TYPE = YES_ERROR;
				GCC_WARN_UNDECLARED_SELECTOR = YES;
				GCC_WARN_UNINITIALIZED_AUTOS = YES_AGGRESSIVE;
				GCC_WARN_UNUSED_FUNCTION = YES;
				GCC_WARN_UNUSED_VARIABLE = YES;
				MTL_ENABLE_DEBUG_INFO = INCLUDE_SOURCE;
				MTL_FAST_MATH = YES;
				ONLY_ACTIVE_ARCH = YES;
				SWIFT_ACTIVE_COMPILATION_CONDITIONS = DEBUG;
				SWIFT_OPTIMIZATION_LEVEL = "-Onone";
			};
			name = Debug;
		};
		F40D505D27987091008F627E /* Release */ = {
			isa = XCBuildConfiguration;
			buildSettings = {
				ALWAYS_SEARCH_USER_PATHS = NO;
				CLANG_ANALYZER_NONNULL = YES;
				CLANG_ANALYZER_NUMBER_OBJECT_CONVERSION = YES_AGGRESSIVE;
				CLANG_CXX_LANGUAGE_STANDARD = "gnu++17";
				CLANG_CXX_LIBRARY = "libc++";
				CLANG_ENABLE_MODULES = YES;
				CLANG_ENABLE_OBJC_ARC = YES;
				CLANG_ENABLE_OBJC_WEAK = YES;
				CLANG_WARN_BLOCK_CAPTURE_AUTORELEASING = YES;
				CLANG_WARN_BOOL_CONVERSION = YES;
				CLANG_WARN_COMMA = YES;
				CLANG_WARN_CONSTANT_CONVERSION = YES;
				CLANG_WARN_DEPRECATED_OBJC_IMPLEMENTATIONS = YES;
				CLANG_WARN_DIRECT_OBJC_ISA_USAGE = YES_ERROR;
				CLANG_WARN_DOCUMENTATION_COMMENTS = YES;
				CLANG_WARN_EMPTY_BODY = YES;
				CLANG_WARN_ENUM_CONVERSION = YES;
				CLANG_WARN_INFINITE_RECURSION = YES;
				CLANG_WARN_INT_CONVERSION = YES;
				CLANG_WARN_NON_LITERAL_NULL_CONVERSION = YES;
				CLANG_WARN_OBJC_IMPLICIT_RETAIN_SELF = YES;
				CLANG_WARN_OBJC_LITERAL_CONVERSION = YES;
				CLANG_WARN_OBJC_ROOT_CLASS = YES_ERROR;
				CLANG_WARN_QUOTED_INCLUDE_IN_FRAMEWORK_HEADER = YES;
				CLANG_WARN_RANGE_LOOP_ANALYSIS = YES;
				CLANG_WARN_STRICT_PROTOTYPES = YES;
				CLANG_WARN_SUSPICIOUS_MOVE = YES;
				CLANG_WARN_UNGUARDED_AVAILABILITY = YES_AGGRESSIVE;
				CLANG_WARN_UNREACHABLE_CODE = YES;
				CLANG_WARN__DUPLICATE_METHOD_MATCH = YES;
				COPY_PHASE_STRIP = NO;
				DEBUG_INFORMATION_FORMAT = "dwarf-with-dsym";
				ENABLE_NS_ASSERTIONS = NO;
				ENABLE_STRICT_OBJC_MSGSEND = YES;
				GCC_C_LANGUAGE_STANDARD = gnu11;
				GCC_NO_COMMON_BLOCKS = YES;
				GCC_WARN_64_TO_32_BIT_CONVERSION = YES;
				GCC_WARN_ABOUT_RETURN_TYPE = YES_ERROR;
				GCC_WARN_UNDECLARED_SELECTOR = YES;
				GCC_WARN_UNINITIALIZED_AUTOS = YES_AGGRESSIVE;
				GCC_WARN_UNUSED_FUNCTION = YES;
				GCC_WARN_UNUSED_VARIABLE = YES;
				MTL_ENABLE_DEBUG_INFO = NO;
				MTL_FAST_MATH = YES;
				SWIFT_COMPILATION_MODE = wholemodule;
				SWIFT_OPTIMIZATION_LEVEL = "-O";
			};
			name = Release;
		};
		F40D505F27987091008F627E /* Debug */ = {
			isa = XCBuildConfiguration;
			buildSettings = {
				ASSETCATALOG_COMPILER_APPICON_NAME = AppIcon;
				ASSETCATALOG_COMPILER_GLOBAL_ACCENT_COLOR_NAME = AccentColor;
				CODE_SIGN_STYLE = Automatic;
				CURRENT_PROJECT_VERSION = 1;
				DEVELOPMENT_TEAM = 2MBZ87R42A;
				ENABLE_PREVIEWS = YES;
				GENERATE_INFOPLIST_FILE = YES;
				INFOPLIST_KEY_UIApplicationSceneManifest_Generation = YES;
				INFOPLIST_KEY_UIApplicationSupportsIndirectInputEvents = YES;
				INFOPLIST_KEY_UILaunchScreen_Generation = YES;
				INFOPLIST_KEY_UISupportedInterfaceOrientations_iPad = "UIInterfaceOrientationPortrait UIInterfaceOrientationPortraitUpsideDown UIInterfaceOrientationLandscapeLeft UIInterfaceOrientationLandscapeRight";
				INFOPLIST_KEY_UISupportedInterfaceOrientations_iPhone = "UIInterfaceOrientationPortrait UIInterfaceOrientationLandscapeLeft UIInterfaceOrientationLandscapeRight";
				IPHONEOS_DEPLOYMENT_TARGET = 15.2;
				LD_RUNPATH_SEARCH_PATHS = (
					"$(inherited)",
					"@executable_path/Frameworks",
				);
				MARKETING_VERSION = 1.0;
				PRODUCT_BUNDLE_IDENTIFIER = com.alexgonzalez.AlbumShowcase;
				PRODUCT_NAME = AlbumShowcase;
				SDKROOT = iphoneos;
				SWIFT_EMIT_LOC_STRINGS = YES;
				SWIFT_VERSION = 5.0;
				TARGETED_DEVICE_FAMILY = "1,2";
			};
			name = Debug;
		};
		F40D506027987091008F627E /* Release */ = {
			isa = XCBuildConfiguration;
			buildSettings = {
				ASSETCATALOG_COMPILER_APPICON_NAME = AppIcon;
				ASSETCATALOG_COMPILER_GLOBAL_ACCENT_COLOR_NAME = AccentColor;
				CODE_SIGN_STYLE = Automatic;
				CURRENT_PROJECT_VERSION = 1;
				DEVELOPMENT_TEAM = 2MBZ87R42A;
				ENABLE_PREVIEWS = YES;
				GENERATE_INFOPLIST_FILE = YES;
				INFOPLIST_KEY_UIApplicationSceneManifest_Generation = YES;
				INFOPLIST_KEY_UIApplicationSupportsIndirectInputEvents = YES;
				INFOPLIST_KEY_UILaunchScreen_Generation = YES;
				INFOPLIST_KEY_UISupportedInterfaceOrientations_iPad = "UIInterfaceOrientationPortrait UIInterfaceOrientationPortraitUpsideDown UIInterfaceOrientationLandscapeLeft UIInterfaceOrientationLandscapeRight";
				INFOPLIST_KEY_UISupportedInterfaceOrientations_iPhone = "UIInterfaceOrientationPortrait UIInterfaceOrientationLandscapeLeft UIInterfaceOrientationLandscapeRight";
				IPHONEOS_DEPLOYMENT_TARGET = 15.2;
				LD_RUNPATH_SEARCH_PATHS = (
					"$(inherited)",
					"@executable_path/Frameworks",
				);
				MARKETING_VERSION = 1.0;
				PRODUCT_BUNDLE_IDENTIFIER = com.alexgonzalez.AlbumShowcase;
				PRODUCT_NAME = AlbumShowcase;
				SDKROOT = iphoneos;
				SWIFT_EMIT_LOC_STRINGS = YES;
				SWIFT_VERSION = 5.0;
				TARGETED_DEVICE_FAMILY = "1,2";
				VALIDATE_PRODUCT = YES;
			};
			name = Release;
		};
		F40D506227987091008F627E /* Debug */ = {
			isa = XCBuildConfiguration;
			buildSettings = {
				ASSETCATALOG_COMPILER_APPICON_NAME = AppIcon;
				ASSETCATALOG_COMPILER_GLOBAL_ACCENT_COLOR_NAME = AccentColor;
				CODE_SIGN_ENTITLEMENTS = macOS/macOS.entitlements;
				CODE_SIGN_STYLE = Automatic;
				COMBINE_HIDPI_IMAGES = YES;
				CURRENT_PROJECT_VERSION = 1;
				DEVELOPMENT_TEAM = 2MBZ87R42A;
				ENABLE_HARDENED_RUNTIME = YES;
				ENABLE_PREVIEWS = YES;
				GENERATE_INFOPLIST_FILE = YES;
				INFOPLIST_KEY_NSHumanReadableCopyright = "";
				LD_RUNPATH_SEARCH_PATHS = (
					"$(inherited)",
					"@executable_path/../Frameworks",
				);
				MACOSX_DEPLOYMENT_TARGET = 12.1;
				MARKETING_VERSION = 1.0;
				PRODUCT_BUNDLE_IDENTIFIER = com.alexgonzalez.AlbumShowcase;
				PRODUCT_NAME = AlbumShowcase;
				SDKROOT = macosx;
				SWIFT_EMIT_LOC_STRINGS = YES;
				SWIFT_VERSION = 5.0;
			};
			name = Debug;
		};
		F40D506327987091008F627E /* Release */ = {
			isa = XCBuildConfiguration;
			buildSettings = {
				ASSETCATALOG_COMPILER_APPICON_NAME = AppIcon;
				ASSETCATALOG_COMPILER_GLOBAL_ACCENT_COLOR_NAME = AccentColor;
				CODE_SIGN_ENTITLEMENTS = macOS/macOS.entitlements;
				CODE_SIGN_STYLE = Automatic;
				COMBINE_HIDPI_IMAGES = YES;
				CURRENT_PROJECT_VERSION = 1;
				DEVELOPMENT_TEAM = 2MBZ87R42A;
				ENABLE_HARDENED_RUNTIME = YES;
				ENABLE_PREVIEWS = YES;
				GENERATE_INFOPLIST_FILE = YES;
				INFOPLIST_KEY_NSHumanReadableCopyright = "";
				LD_RUNPATH_SEARCH_PATHS = (
					"$(inherited)",
					"@executable_path/../Frameworks",
				);
				MACOSX_DEPLOYMENT_TARGET = 12.1;
				MARKETING_VERSION = 1.0;
				PRODUCT_BUNDLE_IDENTIFIER = com.alexgonzalez.AlbumShowcase;
				PRODUCT_NAME = AlbumShowcase;
				SDKROOT = macosx;
				SWIFT_EMIT_LOC_STRINGS = YES;
				SWIFT_VERSION = 5.0;
			};
			name = Release;
		};
		F40D506527987091008F627E /* Debug */ = {
			isa = XCBuildConfiguration;
			buildSettings = {
				ALWAYS_EMBED_SWIFT_STANDARD_LIBRARIES = YES;
				CODE_SIGN_STYLE = Automatic;
				CURRENT_PROJECT_VERSION = 1;
				DEVELOPMENT_TEAM = 2MBZ87R42A;
				GENERATE_INFOPLIST_FILE = YES;
				IPHONEOS_DEPLOYMENT_TARGET = 15.2;
				MARKETING_VERSION = 1.0;
				PRODUCT_BUNDLE_IDENTIFIER = "com.alexgonzalez.Tests-iOS";
				PRODUCT_NAME = "$(TARGET_NAME)";
				SDKROOT = iphoneos;
				SWIFT_EMIT_LOC_STRINGS = NO;
				SWIFT_VERSION = 5.0;
				TARGETED_DEVICE_FAMILY = "1,2";
				TEST_TARGET_NAME = "AlbumShowcase (iOS)";
			};
			name = Debug;
		};
		F40D506627987091008F627E /* Release */ = {
			isa = XCBuildConfiguration;
			buildSettings = {
				ALWAYS_EMBED_SWIFT_STANDARD_LIBRARIES = YES;
				CODE_SIGN_STYLE = Automatic;
				CURRENT_PROJECT_VERSION = 1;
				DEVELOPMENT_TEAM = 2MBZ87R42A;
				GENERATE_INFOPLIST_FILE = YES;
				IPHONEOS_DEPLOYMENT_TARGET = 15.2;
				MARKETING_VERSION = 1.0;
				PRODUCT_BUNDLE_IDENTIFIER = "com.alexgonzalez.Tests-iOS";
				PRODUCT_NAME = "$(TARGET_NAME)";
				SDKROOT = iphoneos;
				SWIFT_EMIT_LOC_STRINGS = NO;
				SWIFT_VERSION = 5.0;
				TARGETED_DEVICE_FAMILY = "1,2";
				TEST_TARGET_NAME = "AlbumShowcase (iOS)";
				VALIDATE_PRODUCT = YES;
			};
			name = Release;
		};
		F40D506827987091008F627E /* Debug */ = {
			isa = XCBuildConfiguration;
			buildSettings = {
				ALWAYS_EMBED_SWIFT_STANDARD_LIBRARIES = YES;
				CODE_SIGN_STYLE = Automatic;
				CURRENT_PROJECT_VERSION = 1;
				DEVELOPMENT_TEAM = 2MBZ87R42A;
				GENERATE_INFOPLIST_FILE = YES;
				MACOSX_DEPLOYMENT_TARGET = 12.1;
				MARKETING_VERSION = 1.0;
				PRODUCT_BUNDLE_IDENTIFIER = "com.alexgonzalez.Tests-macOS";
				PRODUCT_NAME = "$(TARGET_NAME)";
				SDKROOT = macosx;
				SWIFT_EMIT_LOC_STRINGS = NO;
				SWIFT_VERSION = 5.0;
				TEST_TARGET_NAME = "AlbumShowcase (macOS)";
			};
			name = Debug;
		};
		F40D506927987091008F627E /* Release */ = {
			isa = XCBuildConfiguration;
			buildSettings = {
				ALWAYS_EMBED_SWIFT_STANDARD_LIBRARIES = YES;
				CODE_SIGN_STYLE = Automatic;
				CURRENT_PROJECT_VERSION = 1;
				DEVELOPMENT_TEAM = 2MBZ87R42A;
				GENERATE_INFOPLIST_FILE = YES;
				MACOSX_DEPLOYMENT_TARGET = 12.1;
				MARKETING_VERSION = 1.0;
				PRODUCT_BUNDLE_IDENTIFIER = "com.alexgonzalez.Tests-macOS";
				PRODUCT_NAME = "$(TARGET_NAME)";
				SDKROOT = macosx;
				SWIFT_EMIT_LOC_STRINGS = NO;
				SWIFT_VERSION = 5.0;
				TEST_TARGET_NAME = "AlbumShowcase (macOS)";
			};
			name = Release;
		};
/* End XCBuildConfiguration section */

/* Begin XCConfigurationList section */
		F40D502C27987090008F627E /* Build configuration list for PBXProject "AlbumShowcase" */ = {
			isa = XCConfigurationList;
			buildConfigurations = (
				F40D505C27987091008F627E /* Debug */,
				F40D505D27987091008F627E /* Release */,
			);
			defaultConfigurationIsVisible = 0;
			defaultConfigurationName = Release;
		};
		F40D505E27987091008F627E /* Build configuration list for PBXNativeTarget "AlbumShowcase (iOS)" */ = {
			isa = XCConfigurationList;
			buildConfigurations = (
				F40D505F27987091008F627E /* Debug */,
				F40D506027987091008F627E /* Release */,
			);
			defaultConfigurationIsVisible = 0;
			defaultConfigurationName = Release;
		};
		F40D506127987091008F627E /* Build configuration list for PBXNativeTarget "AlbumShowcase (macOS)" */ = {
			isa = XCConfigurationList;
			buildConfigurations = (
				F40D506227987091008F627E /* Debug */,
				F40D506327987091008F627E /* Release */,
			);
			defaultConfigurationIsVisible = 0;
			defaultConfigurationName = Release;
		};
		F40D506427987091008F627E /* Build configuration list for PBXNativeTarget "Tests iOS" */ = {
			isa = XCConfigurationList;
			buildConfigurations = (
				F40D506527987091008F627E /* Debug */,
				F40D506627987091008F627E /* Release */,
			);
			defaultConfigurationIsVisible = 0;
			defaultConfigurationName = Release;
		};
		F40D506727987091008F627E /* Build configuration list for PBXNativeTarget "Tests macOS" */ = {
			isa = XCConfigurationList;
			buildConfigurations = (
				F40D506827987091008F627E /* Debug */,
				F40D506927987091008F627E /* Release */,
			);
			defaultConfigurationIsVisible = 0;
			defaultConfigurationName = Release;
		};
/* End XCConfigurationList section */
	};
	rootObject = F40D502927987090008F627E /* Project object */;
}
